// !$*UTF8*$!
{
	archiveVersion = 1;
	classes = {
	};
	objectVersion = 46;
	objects = {

/* Begin PBXBuildFile section */
		10AB08352E19906BEF224BD8 /* libPods-SinaOCPractice.a in Frameworks */ = {isa = PBXBuildFile; fileRef = CF8474B1D78BF8B4BD46F783 /* libPods-SinaOCPractice.a */; };
		7700108C1DD6C91F004281C9 /* JQMainTabController.m in Sources */ = {isa = PBXBuildFile; fileRef = 7700108B1DD6C91F004281C9 /* JQMainTabController.m */; };
		7700108F1DD6C934004281C9 /* JQHomeController.m in Sources */ = {isa = PBXBuildFile; fileRef = 7700108E1DD6C934004281C9 /* JQHomeController.m */; };
		770010921DD6C947004281C9 /* JQMessageController.m in Sources */ = {isa = PBXBuildFile; fileRef = 770010911DD6C947004281C9 /* JQMessageController.m */; };
		770010951DD6C95A004281C9 /* JQDiscoverController.m in Sources */ = {isa = PBXBuildFile; fileRef = 770010941DD6C95A004281C9 /* JQDiscoverController.m */; };
		770010981DD6C96D004281C9 /* JQProfileController.m in Sources */ = {isa = PBXBuildFile; fileRef = 770010971DD6C96D004281C9 /* JQProfileController.m */; };
		7700109B1DD6CA61004281C9 /* JQMainNavController.m in Sources */ = {isa = PBXBuildFile; fileRef = 7700109A1DD6CA61004281C9 /* JQMainNavController.m */; };
		7700109E1DD6CD79004281C9 /* JQMainTabBar.m in Sources */ = {isa = PBXBuildFile; fileRef = 7700109D1DD6CD79004281C9 /* JQMainTabBar.m */; };
		770010A41DD6F1A1004281C9 /* JQSearchView.m in Sources */ = {isa = PBXBuildFile; fileRef = 770010A31DD6F1A1004281C9 /* JQSearchView.m */; };
		770010AA1DD7054E004281C9 /* SearchView.xib in Resources */ = {isa = PBXBuildFile; fileRef = 770010A91DD7054E004281C9 /* SearchView.xib */; };
		770010C81DD7075C004281C9 /* NSArray+Log.m in Sources */ = {isa = PBXBuildFile; fileRef = 770010AE1DD7075C004281C9 /* NSArray+Log.m */; };
		770010C91DD7075C004281C9 /* NSAttributedString+Extension.m in Sources */ = {isa = PBXBuildFile; fileRef = 770010B01DD7075C004281C9 /* NSAttributedString+Extension.m */; };
		770010CA1DD7075C004281C9 /* NSObject+JQRuntime.m in Sources */ = {isa = PBXBuildFile; fileRef = 770010B21DD7075C004281C9 /* NSObject+JQRuntime.m */; };
		770010CB1DD7075C004281C9 /* NSString+Base64.m in Sources */ = {isa = PBXBuildFile; fileRef = 770010B41DD7075C004281C9 /* NSString+Base64.m */; };
		770010CC1DD7075C004281C9 /* NSString+Hash.m in Sources */ = {isa = PBXBuildFile; fileRef = 770010B61DD7075C004281C9 /* NSString+Hash.m */; };
		770010CD1DD7075C004281C9 /* NSString+Path.m in Sources */ = {isa = PBXBuildFile; fileRef = 770010B81DD7075C004281C9 /* NSString+Path.m */; };
		770010CE1DD7075C004281C9 /* UIColor+Addition.m in Sources */ = {isa = PBXBuildFile; fileRef = 770010BA1DD7075C004281C9 /* UIColor+Addition.m */; };
		770010CF1DD7075C004281C9 /* UIImage+Extension.m in Sources */ = {isa = PBXBuildFile; fileRef = 770010BC1DD7075C004281C9 /* UIImage+Extension.m */; };
		770010D01DD7075C004281C9 /* UILabel+Extension.m in Sources */ = {isa = PBXBuildFile; fileRef = 770010BE1DD7075C004281C9 /* UILabel+Extension.m */; };
		770010D11DD7075C004281C9 /* UIView+WP.m in Sources */ = {isa = PBXBuildFile; fileRef = 770010C01DD7075C004281C9 /* UIView+WP.m */; };
		770010D21DD7075C004281C9 /* NSObject+CZRuntime.m in Sources */ = {isa = PBXBuildFile; fileRef = 770010C31DD7075C004281C9 /* NSObject+CZRuntime.m */; };
		770010D31DD7075C004281C9 /* NSString+pinyin.m in Sources */ = {isa = PBXBuildFile; fileRef = 770010C51DD7075C004281C9 /* NSString+pinyin.m */; };
		770010D41DD7075C004281C9 /* Utils.m in Sources */ = {isa = PBXBuildFile; fileRef = 770010C71DD7075C004281C9 /* Utils.m */; };
		77222D501DD405D700B29165 /* main.m in Sources */ = {isa = PBXBuildFile; fileRef = 77222D4F1DD405D700B29165 /* main.m */; };
		77222D531DD405D700B29165 /* AppDelegate.m in Sources */ = {isa = PBXBuildFile; fileRef = 77222D521DD405D700B29165 /* AppDelegate.m */; };
		77222D561DD405D700B29165 /* ViewController.m in Sources */ = {isa = PBXBuildFile; fileRef = 77222D551DD405D700B29165 /* ViewController.m */; };
		77222D591DD405D700B29165 /* Main.storyboard in Resources */ = {isa = PBXBuildFile; fileRef = 77222D571DD405D700B29165 /* Main.storyboard */; };
		77222D5B1DD405D700B29165 /* Assets.xcassets in Resources */ = {isa = PBXBuildFile; fileRef = 77222D5A1DD405D700B29165 /* Assets.xcassets */; };
		77222D5E1DD405D700B29165 /* LaunchScreen.storyboard in Resources */ = {isa = PBXBuildFile; fileRef = 77222D5C1DD405D700B29165 /* LaunchScreen.storyboard */; };
/* End PBXBuildFile section */

/* Begin PBXFileReference section */
		6BB1D87C9AB7D663D2FA50AC /* Pods-SinaOCPractice.debug.xcconfig */ = {isa = PBXFileReference; includeInIndex = 1; lastKnownFileType = text.xcconfig; name = "Pods-SinaOCPractice.debug.xcconfig"; path = "Pods/Target Support Files/Pods-SinaOCPractice/Pods-SinaOCPractice.debug.xcconfig"; sourceTree = "<group>"; };
		770010891DD6C771004281C9 /* SinaOCPractice_PrefixHeader.h */ = {isa = PBXFileReference; lastKnownFileType = sourcecode.c.h; path = SinaOCPractice_PrefixHeader.h; sourceTree = "<group>"; };
		7700108A1DD6C91F004281C9 /* JQMainTabController.h */ = {isa = PBXFileReference; fileEncoding = 4; lastKnownFileType = sourcecode.c.h; path = JQMainTabController.h; sourceTree = "<group>"; };
		7700108B1DD6C91F004281C9 /* JQMainTabController.m */ = {isa = PBXFileReference; fileEncoding = 4; lastKnownFileType = sourcecode.c.objc; path = JQMainTabController.m; sourceTree = "<group>"; };
		7700108D1DD6C934004281C9 /* JQHomeController.h */ = {isa = PBXFileReference; fileEncoding = 4; lastKnownFileType = sourcecode.c.h; path = JQHomeController.h; sourceTree = "<group>"; };
		7700108E1DD6C934004281C9 /* JQHomeController.m */ = {isa = PBXFileReference; fileEncoding = 4; lastKnownFileType = sourcecode.c.objc; path = JQHomeController.m; sourceTree = "<group>"; };
		770010901DD6C947004281C9 /* JQMessageController.h */ = {isa = PBXFileReference; fileEncoding = 4; lastKnownFileType = sourcecode.c.h; path = JQMessageController.h; sourceTree = "<group>"; };
		770010911DD6C947004281C9 /* JQMessageController.m */ = {isa = PBXFileReference; fileEncoding = 4; lastKnownFileType = sourcecode.c.objc; path = JQMessageController.m; sourceTree = "<group>"; };
		770010931DD6C95A004281C9 /* JQDiscoverController.h */ = {isa = PBXFileReference; fileEncoding = 4; lastKnownFileType = sourcecode.c.h; path = JQDiscoverController.h; sourceTree = "<group>"; };
		770010941DD6C95A004281C9 /* JQDiscoverController.m */ = {isa = PBXFileReference; fileEncoding = 4; lastKnownFileType = sourcecode.c.objc; path = JQDiscoverController.m; sourceTree = "<group>"; };
		770010961DD6C96D004281C9 /* JQProfileController.h */ = {isa = PBXFileReference; fileEncoding = 4; lastKnownFileType = sourcecode.c.h; path = JQProfileController.h; sourceTree = "<group>"; };
		770010971DD6C96D004281C9 /* JQProfileController.m */ = {isa = PBXFileReference; fileEncoding = 4; lastKnownFileType = sourcecode.c.objc; path = JQProfileController.m; sourceTree = "<group>"; };
		770010991DD6CA61004281C9 /* JQMainNavController.h */ = {isa = PBXFileReference; fileEncoding = 4; lastKnownFileType = sourcecode.c.h; path = JQMainNavController.h; sourceTree = "<group>"; };
		7700109A1DD6CA61004281C9 /* JQMainNavController.m */ = {isa = PBXFileReference; fileEncoding = 4; lastKnownFileType = sourcecode.c.objc; path = JQMainNavController.m; sourceTree = "<group>"; };
		7700109C1DD6CD79004281C9 /* JQMainTabBar.h */ = {isa = PBXFileReference; fileEncoding = 4; lastKnownFileType = sourcecode.c.h; path = JQMainTabBar.h; sourceTree = "<group>"; };
		7700109D1DD6CD79004281C9 /* JQMainTabBar.m */ = {isa = PBXFileReference; fileEncoding = 4; lastKnownFileType = sourcecode.c.objc; path = JQMainTabBar.m; sourceTree = "<group>"; };
		770010A21DD6F1A1004281C9 /* JQSearchView.h */ = {isa = PBXFileReference; fileEncoding = 4; lastKnownFileType = sourcecode.c.h; path = JQSearchView.h; sourceTree = "<group>"; };
		770010A31DD6F1A1004281C9 /* JQSearchView.m */ = {isa = PBXFileReference; fileEncoding = 4; lastKnownFileType = sourcecode.c.objc; path = JQSearchView.m; sourceTree = "<group>"; };
		770010A91DD7054E004281C9 /* SearchView.xib */ = {isa = PBXFileReference; fileEncoding = 4; lastKnownFileType = file.xib; path = SearchView.xib; sourceTree = "<group>"; };
		770010AC1DD7075C004281C9 /* KYAdditions.h */ = {isa = PBXFileReference; fileEncoding = 4; lastKnownFileType = sourcecode.c.h; path = KYAdditions.h; sourceTree = "<group>"; };
		770010AD1DD7075C004281C9 /* NSArray+Log.h */ = {isa = PBXFileReference; fileEncoding = 4; lastKnownFileType = sourcecode.c.h; path = "NSArray+Log.h"; sourceTree = "<group>"; };
		770010AE1DD7075C004281C9 /* NSArray+Log.m */ = {isa = PBXFileReference; fileEncoding = 4; lastKnownFileType = sourcecode.c.objc; path = "NSArray+Log.m"; sourceTree = "<group>"; };
		770010AF1DD7075C004281C9 /* NSAttributedString+Extension.h */ = {isa = PBXFileReference; fileEncoding = 4; lastKnownFileType = sourcecode.c.h; path = "NSAttributedString+Extension.h"; sourceTree = "<group>"; };
		770010B01DD7075C004281C9 /* NSAttributedString+Extension.m */ = {isa = PBXFileReference; fileEncoding = 4; lastKnownFileType = sourcecode.c.objc; path = "NSAttributedString+Extension.m"; sourceTree = "<group>"; };
		770010B11DD7075C004281C9 /* NSObject+JQRuntime.h */ = {isa = PBXFileReference; fileEncoding = 4; lastKnownFileType = sourcecode.c.h; path = "NSObject+JQRuntime.h"; sourceTree = "<group>"; };
		770010B21DD7075C004281C9 /* NSObject+JQRuntime.m */ = {isa = PBXFileReference; fileEncoding = 4; lastKnownFileType = sourcecode.c.objc; path = "NSObject+JQRuntime.m"; sourceTree = "<group>"; };
		770010B31DD7075C004281C9 /* NSString+Base64.h */ = {isa = PBXFileReference; fileEncoding = 4; lastKnownFileType = sourcecode.c.h; path = "NSString+Base64.h"; sourceTree = "<group>"; };
		770010B41DD7075C004281C9 /* NSString+Base64.m */ = {isa = PBXFileReference; fileEncoding = 4; lastKnownFileType = sourcecode.c.objc; path = "NSString+Base64.m"; sourceTree = "<group>"; };
		770010B51DD7075C004281C9 /* NSString+Hash.h */ = {isa = PBXFileReference; fileEncoding = 4; lastKnownFileType = sourcecode.c.h; path = "NSString+Hash.h"; sourceTree = "<group>"; };
		770010B61DD7075C004281C9 /* NSString+Hash.m */ = {isa = PBXFileReference; fileEncoding = 4; lastKnownFileType = sourcecode.c.objc; path = "NSString+Hash.m"; sourceTree = "<group>"; };
		770010B71DD7075C004281C9 /* NSString+Path.h */ = {isa = PBXFileReference; fileEncoding = 4; lastKnownFileType = sourcecode.c.h; path = "NSString+Path.h"; sourceTree = "<group>"; };
		770010B81DD7075C004281C9 /* NSString+Path.m */ = {isa = PBXFileReference; fileEncoding = 4; lastKnownFileType = sourcecode.c.objc; path = "NSString+Path.m"; sourceTree = "<group>"; };
		770010B91DD7075C004281C9 /* UIColor+Addition.h */ = {isa = PBXFileReference; fileEncoding = 4; lastKnownFileType = sourcecode.c.h; path = "UIColor+Addition.h"; sourceTree = "<group>"; };
		770010BA1DD7075C004281C9 /* UIColor+Addition.m */ = {isa = PBXFileReference; fileEncoding = 4; lastKnownFileType = sourcecode.c.objc; path = "UIColor+Addition.m"; sourceTree = "<group>"; };
		770010BB1DD7075C004281C9 /* UIImage+Extension.h */ = {isa = PBXFileReference; fileEncoding = 4; lastKnownFileType = sourcecode.c.h; path = "UIImage+Extension.h"; sourceTree = "<group>"; };
		770010BC1DD7075C004281C9 /* UIImage+Extension.m */ = {isa = PBXFileReference; fileEncoding = 4; lastKnownFileType = sourcecode.c.objc; path = "UIImage+Extension.m"; sourceTree = "<group>"; };
		770010BD1DD7075C004281C9 /* UILabel+Extension.h */ = {isa = PBXFileReference; fileEncoding = 4; lastKnownFileType = sourcecode.c.h; path = "UILabel+Extension.h"; sourceTree = "<group>"; };
		770010BE1DD7075C004281C9 /* UILabel+Extension.m */ = {isa = PBXFileReference; fileEncoding = 4; lastKnownFileType = sourcecode.c.objc; path = "UILabel+Extension.m"; sourceTree = "<group>"; };
		770010BF1DD7075C004281C9 /* UIView+WP.h */ = {isa = PBXFileReference; fileEncoding = 4; lastKnownFileType = sourcecode.c.h; path = "UIView+WP.h"; sourceTree = "<group>"; };
		770010C01DD7075C004281C9 /* UIView+WP.m */ = {isa = PBXFileReference; fileEncoding = 4; lastKnownFileType = sourcecode.c.objc; path = "UIView+WP.m"; sourceTree = "<group>"; };
		770010C21DD7075C004281C9 /* NSObject+CZRuntime.h */ = {isa = PBXFileReference; fileEncoding = 4; lastKnownFileType = sourcecode.c.h; path = "NSObject+CZRuntime.h"; sourceTree = "<group>"; };
		770010C31DD7075C004281C9 /* NSObject+CZRuntime.m */ = {isa = PBXFileReference; fileEncoding = 4; lastKnownFileType = sourcecode.c.objc; path = "NSObject+CZRuntime.m"; sourceTree = "<group>"; };
		770010C41DD7075C004281C9 /* NSString+pinyin.h */ = {isa = PBXFileReference; fileEncoding = 4; lastKnownFileType = sourcecode.c.h; path = "NSString+pinyin.h"; sourceTree = "<group>"; };
		770010C51DD7075C004281C9 /* NSString+pinyin.m */ = {isa = PBXFileReference; fileEncoding = 4; lastKnownFileType = sourcecode.c.objc; path = "NSString+pinyin.m"; sourceTree = "<group>"; };
		770010C61DD7075C004281C9 /* Utils.h */ = {isa = PBXFileReference; fileEncoding = 4; lastKnownFileType = sourcecode.c.h; path = Utils.h; sourceTree = "<group>"; };
		770010C71DD7075C004281C9 /* Utils.m */ = {isa = PBXFileReference; fileEncoding = 4; lastKnownFileType = sourcecode.c.objc; path = Utils.m; sourceTree = "<group>"; };
		770010D51DD707B9004281C9 /* CommonDefine.h */ = {isa = PBXFileReference; fileEncoding = 4; lastKnownFileType = sourcecode.c.h; path = CommonDefine.h; sourceTree = "<group>"; };
		77222D4B1DD405D700B29165 /* SinaOCPractice.app */ = {isa = PBXFileReference; explicitFileType = wrapper.application; includeInIndex = 0; path = SinaOCPractice.app; sourceTree = BUILT_PRODUCTS_DIR; };
		77222D4F1DD405D700B29165 /* main.m */ = {isa = PBXFileReference; lastKnownFileType = sourcecode.c.objc; path = main.m; sourceTree = "<group>"; };
		77222D511DD405D700B29165 /* AppDelegate.h */ = {isa = PBXFileReference; lastKnownFileType = sourcecode.c.h; path = AppDelegate.h; sourceTree = "<group>"; };
		77222D521DD405D700B29165 /* AppDelegate.m */ = {isa = PBXFileReference; lastKnownFileType = sourcecode.c.objc; path = AppDelegate.m; sourceTree = "<group>"; };
		77222D541DD405D700B29165 /* ViewController.h */ = {isa = PBXFileReference; lastKnownFileType = sourcecode.c.h; name = ViewController.h; path = ../../ViewController.h; sourceTree = "<group>"; };
		77222D551DD405D700B29165 /* ViewController.m */ = {isa = PBXFileReference; lastKnownFileType = sourcecode.c.objc; name = ViewController.m; path = ../../ViewController.m; sourceTree = "<group>"; };
		77222D581DD405D700B29165 /* Base */ = {isa = PBXFileReference; lastKnownFileType = file.storyboard; name = Base; path = Base.lproj/Main.storyboard; sourceTree = "<group>"; };
		77222D5A1DD405D700B29165 /* Assets.xcassets */ = {isa = PBXFileReference; lastKnownFileType = folder.assetcatalog; path = Assets.xcassets; sourceTree = "<group>"; };
		77222D5D1DD405D700B29165 /* Base */ = {isa = PBXFileReference; lastKnownFileType = file.storyboard; name = Base; path = Base.lproj/LaunchScreen.storyboard; sourceTree = "<group>"; };
		77222D5F1DD405D700B29165 /* Info.plist */ = {isa = PBXFileReference; lastKnownFileType = text.plist.xml; path = Info.plist; sourceTree = "<group>"; };
		CF8474B1D78BF8B4BD46F783 /* libPods-SinaOCPractice.a */ = {isa = PBXFileReference; explicitFileType = archive.ar; includeInIndex = 0; path = "libPods-SinaOCPractice.a"; sourceTree = BUILT_PRODUCTS_DIR; };
		DB5C9DF6BD9FC1F3E44593B0 /* Pods-SinaOCPractice.release.xcconfig */ = {isa = PBXFileReference; includeInIndex = 1; lastKnownFileType = text.xcconfig; name = "Pods-SinaOCPractice.release.xcconfig"; path = "Pods/Target Support Files/Pods-SinaOCPractice/Pods-SinaOCPractice.release.xcconfig"; sourceTree = "<group>"; };
/* End PBXFileReference section */

/* Begin PBXFrameworksBuildPhase section */
		77222D481DD405D700B29165 /* Frameworks */ = {
			isa = PBXFrameworksBuildPhase;
			buildActionMask = 2147483647;
			files = (
				10AB08352E19906BEF224BD8 /* libPods-SinaOCPractice.a in Frameworks */,
			);
			runOnlyForDeploymentPostprocessing = 0;
		};
/* End PBXFrameworksBuildPhase section */

/* Begin PBXGroup section */
		4EBC6C166487E98FFC0B0FBF /* Pods */ = {
			isa = PBXGroup;
			children = (
				6BB1D87C9AB7D663D2FA50AC /* Pods-SinaOCPractice.debug.xcconfig */,
				DB5C9DF6BD9FC1F3E44593B0 /* Pods-SinaOCPractice.release.xcconfig */,
			);
			name = Pods;
			sourceTree = "<group>";
		};
		770010AB1DD7075C004281C9 /* Categories */ = {
			isa = PBXGroup;
			children = (
				770010AC1DD7075C004281C9 /* KYAdditions.h */,
				770010AD1DD7075C004281C9 /* NSArray+Log.h */,
				770010AE1DD7075C004281C9 /* NSArray+Log.m */,
				770010AF1DD7075C004281C9 /* NSAttributedString+Extension.h */,
				770010B01DD7075C004281C9 /* NSAttributedString+Extension.m */,
				770010B11DD7075C004281C9 /* NSObject+JQRuntime.h */,
				770010B21DD7075C004281C9 /* NSObject+JQRuntime.m */,
				770010B31DD7075C004281C9 /* NSString+Base64.h */,
				770010B41DD7075C004281C9 /* NSString+Base64.m */,
				770010B51DD7075C004281C9 /* NSString+Hash.h */,
				770010B61DD7075C004281C9 /* NSString+Hash.m */,
				770010B71DD7075C004281C9 /* NSString+Path.h */,
				770010B81DD7075C004281C9 /* NSString+Path.m */,
				770010B91DD7075C004281C9 /* UIColor+Addition.h */,
				770010BA1DD7075C004281C9 /* UIColor+Addition.m */,
				770010BB1DD7075C004281C9 /* UIImage+Extension.h */,
				770010BC1DD7075C004281C9 /* UIImage+Extension.m */,
				770010BD1DD7075C004281C9 /* UILabel+Extension.h */,
				770010BE1DD7075C004281C9 /* UILabel+Extension.m */,
				770010BF1DD7075C004281C9 /* UIView+WP.h */,
				770010C01DD7075C004281C9 /* UIView+WP.m */,
				770010C11DD7075C004281C9 /* 汉字转拼音 */,
			);
			path = Categories;
			sourceTree = "<group>";
		};
		770010C11DD7075C004281C9 /* 汉字转拼音 */ = {
			isa = PBXGroup;
			children = (
				770010C21DD7075C004281C9 /* NSObject+CZRuntime.h */,
				770010C31DD7075C004281C9 /* NSObject+CZRuntime.m */,
				770010C41DD7075C004281C9 /* NSString+pinyin.h */,
				770010C51DD7075C004281C9 /* NSString+pinyin.m */,
				770010C61DD7075C004281C9 /* Utils.h */,
				770010C71DD7075C004281C9 /* Utils.m */,
			);
			path = "汉字转拼音";
			sourceTree = "<group>";
		};
		77222D421DD405D600B29165 = {
			isa = PBXGroup;
			children = (
				77222D4D1DD405D700B29165 /* SinaOCPractice */,
				77222D4C1DD405D700B29165 /* Products */,
				4EBC6C166487E98FFC0B0FBF /* Pods */,
				ABE8CA594178D99C5E049E1D /* Frameworks */,
			);
			sourceTree = "<group>";
		};
		77222D4C1DD405D700B29165 /* Products */ = {
			isa = PBXGroup;
			children = (
				77222D4B1DD405D700B29165 /* SinaOCPractice.app */,
			);
			name = Products;
			sourceTree = "<group>";
		};
		77222D4D1DD405D700B29165 /* SinaOCPractice */ = {
			isa = PBXGroup;
			children = (
				77222D981DD410B700B29165 /* Classes */,
				77222D511DD405D700B29165 /* AppDelegate.h */,
				77222D521DD405D700B29165 /* AppDelegate.m */,
				77222D4E1DD405D700B29165 /* Supporting Files */,
			);
			path = SinaOCPractice;
			sourceTree = "<group>";
		};
		77222D4E1DD405D700B29165 /* Supporting Files */ = {
			isa = PBXGroup;
			children = (
				77222D5A1DD405D700B29165 /* Assets.xcassets */,
				77222D5C1DD405D700B29165 /* LaunchScreen.storyboard */,
				77222D5F1DD405D700B29165 /* Info.plist */,
				77222D4F1DD405D700B29165 /* main.m */,
				770010891DD6C771004281C9 /* SinaOCPractice_PrefixHeader.h */,
			);
			name = "Supporting Files";
			sourceTree = "<group>";
		};
		77222D981DD410B700B29165 /* Classes */ = {
			isa = PBXGroup;
			children = (
				77222D9C1DD410B700B29165 /* View */,
				77222D991DD410B700B29165 /* Model */,
				77222DAC1DD410B700B29165 /* ViewModel */,
				77222D9B1DD410B700B29165 /* Tools */,
				77222D9A1DD410B700B29165 /* Other */,
			);
			path = Classes;
			sourceTree = "<group>";
		};
		77222D991DD410B700B29165 /* Model */ = {
			isa = PBXGroup;
			children = (
			);
			path = Model;
			sourceTree = "<group>";
		};
		77222D9A1DD410B700B29165 /* Other */ = {
			isa = PBXGroup;
			children = (
				77222D541DD405D700B29165 /* ViewController.h */,
				77222D551DD405D700B29165 /* ViewController.m */,
				77222D571DD405D700B29165 /* Main.storyboard */,
			);
			path = Other;
			sourceTree = "<group>";
		};
		77222D9B1DD410B700B29165 /* Tools */ = {
			isa = PBXGroup;
			children = (
				770010D51DD707B9004281C9 /* CommonDefine.h */,
				770010AB1DD7075C004281C9 /* Categories */,
			);
			path = Tools;
			sourceTree = "<group>";
		};
		77222D9C1DD410B700B29165 /* View */ = {
			isa = PBXGroup;
			children = (
				77222DA31DD410B700B29165 /* Main */,
				77222DA01DD410B700B29165 /* Home */,
				77222DA61DD410B700B29165 /* Message */,
				77222D9D1DD410B700B29165 /* Discover */,
				77222DA91DD410B700B29165 /* Profile */,
			);
			path = View;
			sourceTree = "<group>";
		};
		77222D9D1DD410B700B29165 /* Discover */ = {
			isa = PBXGroup;
			children = (
				77222D9E1DD410B700B29165 /* Controller */,
				77222D9F1DD410B700B29165 /* View */,
			);
			path = Discover;
			sourceTree = "<group>";
		};
		77222D9E1DD410B700B29165 /* Controller */ = {
			isa = PBXGroup;
			children = (
				770010931DD6C95A004281C9 /* JQDiscoverController.h */,
				770010941DD6C95A004281C9 /* JQDiscoverController.m */,
			);
			path = Controller;
			sourceTree = "<group>";
		};
		77222D9F1DD410B700B29165 /* View */ = {
			isa = PBXGroup;
			children = (
				770010A21DD6F1A1004281C9 /* JQSearchView.h */,
				770010A31DD6F1A1004281C9 /* JQSearchView.m */,
				770010A91DD7054E004281C9 /* SearchView.xib */,
			);
			path = View;
			sourceTree = "<group>";
		};
		77222DA01DD410B700B29165 /* Home */ = {
			isa = PBXGroup;
			children = (
				77222DA11DD410B700B29165 /* Controller */,
				77222DA21DD410B700B29165 /* View */,
			);
			path = Home;
			sourceTree = "<group>";
		};
		77222DA11DD410B700B29165 /* Controller */ = {
			isa = PBXGroup;
			children = (
				7700108D1DD6C934004281C9 /* JQHomeController.h */,
				7700108E1DD6C934004281C9 /* JQHomeController.m */,
			);
			path = Controller;
			sourceTree = "<group>";
		};
		77222DA21DD410B700B29165 /* View */ = {
			isa = PBXGroup;
			children = (
			);
			path = View;
			sourceTree = "<group>";
		};
		77222DA31DD410B700B29165 /* Main */ = {
			isa = PBXGroup;
			children = (
				77222DA41DD410B700B29165 /* Controller */,
				77222DA51DD410B700B29165 /* View */,
			);
			path = Main;
			sourceTree = "<group>";
		};
		77222DA41DD410B700B29165 /* Controller */ = {
			isa = PBXGroup;
			children = (
				7700108A1DD6C91F004281C9 /* JQMainTabController.h */,
				7700108B1DD6C91F004281C9 /* JQMainTabController.m */,
				770010991DD6CA61004281C9 /* JQMainNavController.h */,
				7700109A1DD6CA61004281C9 /* JQMainNavController.m */,
			);
			path = Controller;
			sourceTree = "<group>";
		};
		77222DA51DD410B700B29165 /* View */ = {
			isa = PBXGroup;
			children = (
				7700109C1DD6CD79004281C9 /* JQMainTabBar.h */,
				7700109D1DD6CD79004281C9 /* JQMainTabBar.m */,
			);
			path = View;
			sourceTree = "<group>";
		};
		77222DA61DD410B700B29165 /* Message */ = {
			isa = PBXGroup;
			children = (
				77222DA71DD410B700B29165 /* Controller */,
				77222DA81DD410B700B29165 /* View */,
			);
			path = Message;
			sourceTree = "<group>";
		};
		77222DA71DD410B700B29165 /* Controller */ = {
			isa = PBXGroup;
			children = (
				770010901DD6C947004281C9 /* JQMessageController.h */,
				770010911DD6C947004281C9 /* JQMessageController.m */,
			);
			path = Controller;
			sourceTree = "<group>";
		};
		77222DA81DD410B700B29165 /* View */ = {
			isa = PBXGroup;
			children = (
			);
			path = View;
			sourceTree = "<group>";
		};
		77222DA91DD410B700B29165 /* Profile */ = {
			isa = PBXGroup;
			children = (
				77222DAA1DD410B700B29165 /* Controller */,
				77222DAB1DD410B700B29165 /* View */,
			);
			path = Profile;
			sourceTree = "<group>";
		};
		77222DAA1DD410B700B29165 /* Controller */ = {
			isa = PBXGroup;
			children = (
				770010961DD6C96D004281C9 /* JQProfileController.h */,
				770010971DD6C96D004281C9 /* JQProfileController.m */,
			);
			path = Controller;
			sourceTree = "<group>";
		};
		77222DAB1DD410B700B29165 /* View */ = {
			isa = PBXGroup;
			children = (
			);
			path = View;
			sourceTree = "<group>";
		};
		77222DAC1DD410B700B29165 /* ViewModel */ = {
			isa = PBXGroup;
			children = (
			);
			path = ViewModel;
			sourceTree = "<group>";
		};
		ABE8CA594178D99C5E049E1D /* Frameworks */ = {
			isa = PBXGroup;
			children = (
				CF8474B1D78BF8B4BD46F783 /* libPods-SinaOCPractice.a */,
			);
			name = Frameworks;
			sourceTree = "<group>";
		};
/* End PBXGroup section */

/* Begin PBXNativeTarget section */
		77222D4A1DD405D700B29165 /* SinaOCPractice */ = {
			isa = PBXNativeTarget;
			buildConfigurationList = 77222D621DD405D700B29165 /* Build configuration list for PBXNativeTarget "SinaOCPractice" */;
			buildPhases = (
				4B830337337F9D0F98A881F2 /* [CP] Check Pods Manifest.lock */,
				77222D471DD405D700B29165 /* Sources */,
				77222D481DD405D700B29165 /* Frameworks */,
				77222D491DD405D700B29165 /* Resources */,
				208733296D2EA77531BFEC60 /* [CP] Embed Pods Frameworks */,
				395A941E80B89EDF14608953 /* [CP] Copy Pods Resources */,
			);
			buildRules = (
			);
			dependencies = (
			);
			name = SinaOCPractice;
			productName = SinaOCPractice;
			productReference = 77222D4B1DD405D700B29165 /* SinaOCPractice.app */;
			productType = "com.apple.product-type.application";
		};
/* End PBXNativeTarget section */

/* Begin PBXProject section */
		77222D431DD405D600B29165 /* Project object */ = {
			isa = PBXProject;
			attributes = {
				CLASSPREFIX = JQ;
				LastUpgradeCheck = 0810;
				ORGANIZATIONNAME = maoge;
				TargetAttributes = {
					77222D4A1DD405D700B29165 = {
						CreatedOnToolsVersion = 8.1;
						ProvisioningStyle = Automatic;
					};
				};
			};
			buildConfigurationList = 77222D461DD405D600B29165 /* Build configuration list for PBXProject "SinaOCPractice" */;
			compatibilityVersion = "Xcode 3.2";
			developmentRegion = English;
			hasScannedForEncodings = 0;
			knownRegions = (
				en,
				Base,
			);
			mainGroup = 77222D421DD405D600B29165;
			productRefGroup = 77222D4C1DD405D700B29165 /* Products */;
			projectDirPath = "";
			projectRoot = "";
			targets = (
				77222D4A1DD405D700B29165 /* SinaOCPractice */,
			);
		};
/* End PBXProject section */

/* Begin PBXResourcesBuildPhase section */
		77222D491DD405D700B29165 /* Resources */ = {
			isa = PBXResourcesBuildPhase;
			buildActionMask = 2147483647;
			files = (
				770010AA1DD7054E004281C9 /* SearchView.xib in Resources */,
				77222D5E1DD405D700B29165 /* LaunchScreen.storyboard in Resources */,
				77222D5B1DD405D700B29165 /* Assets.xcassets in Resources */,
				77222D591DD405D700B29165 /* Main.storyboard in Resources */,
			);
			runOnlyForDeploymentPostprocessing = 0;
		};
/* End PBXResourcesBuildPhase section */

/* Begin PBXShellScriptBuildPhase section */
		208733296D2EA77531BFEC60 /* [CP] Embed Pods Frameworks */ = {
			isa = PBXShellScriptBuildPhase;
			buildActionMask = 2147483647;
			files = (
			);
			inputPaths = (
			);
			name = "[CP] Embed Pods Frameworks";
			outputPaths = (
			);
			runOnlyForDeploymentPostprocessing = 0;
			shellPath = /bin/sh;
			shellScript = "\"${SRCROOT}/Pods/Target Support Files/Pods-SinaOCPractice/Pods-SinaOCPractice-frameworks.sh\"\n";
			showEnvVarsInLog = 0;
		};
		395A941E80B89EDF14608953 /* [CP] Copy Pods Resources */ = {
			isa = PBXShellScriptBuildPhase;
			buildActionMask = 2147483647;
			files = (
			);
			inputPaths = (
			);
			name = "[CP] Copy Pods Resources";
			outputPaths = (
			);
			runOnlyForDeploymentPostprocessing = 0;
			shellPath = /bin/sh;
			shellScript = "\"${SRCROOT}/Pods/Target Support Files/Pods-SinaOCPractice/Pods-SinaOCPractice-resources.sh\"\n";
			showEnvVarsInLog = 0;
		};
		4B830337337F9D0F98A881F2 /* [CP] Check Pods Manifest.lock */ = {
			isa = PBXShellScriptBuildPhase;
			buildActionMask = 2147483647;
			files = (
			);
			inputPaths = (
			);
			name = "[CP] Check Pods Manifest.lock";
			outputPaths = (
			);
			runOnlyForDeploymentPostprocessing = 0;
			shellPath = /bin/sh;
			shellScript = "diff \"${PODS_ROOT}/../Podfile.lock\" \"${PODS_ROOT}/Manifest.lock\" > /dev/null\nif [ $? != 0 ] ; then\n    # print error to STDERR\n    echo \"error: The sandbox is not in sync with the Podfile.lock. Run 'pod install' or update your CocoaPods installation.\" >&2\n    exit 1\nfi\n";
			showEnvVarsInLog = 0;
		};
/* End PBXShellScriptBuildPhase section */

/* Begin PBXSourcesBuildPhase section */
		77222D471DD405D700B29165 /* Sources */ = {
			isa = PBXSourcesBuildPhase;
			buildActionMask = 2147483647;
			files = (
				770010981DD6C96D004281C9 /* JQProfileController.m in Sources */,
				770010CC1DD7075C004281C9 /* NSString+Hash.m in Sources */,
				7700109B1DD6CA61004281C9 /* JQMainNavController.m in Sources */,
				770010D41DD7075C004281C9 /* Utils.m in Sources */,
				770010D31DD7075C004281C9 /* NSString+pinyin.m in Sources */,
				770010C91DD7075C004281C9 /* NSAttributedString+Extension.m in Sources */,
				770010D11DD7075C004281C9 /* UIView+WP.m in Sources */,
				77222D561DD405D700B29165 /* ViewController.m in Sources */,
				7700108F1DD6C934004281C9 /* JQHomeController.m in Sources */,
				770010D21DD7075C004281C9 /* NSObject+CZRuntime.m in Sources */,
				770010921DD6C947004281C9 /* JQMessageController.m in Sources */,
				770010CF1DD7075C004281C9 /* UIImage+Extension.m in Sources */,
				770010D01DD7075C004281C9 /* UILabel+Extension.m in Sources */,
				770010A41DD6F1A1004281C9 /* JQSearchView.m in Sources */,
				770010CA1DD7075C004281C9 /* NSObject+JQRuntime.m in Sources */,
				770010CE1DD7075C004281C9 /* UIColor+Addition.m in Sources */,
				77222D531DD405D700B29165 /* AppDelegate.m in Sources */,
				770010CB1DD7075C004281C9 /* NSString+Base64.m in Sources */,
				770010CD1DD7075C004281C9 /* NSString+Path.m in Sources */,
				770010951DD6C95A004281C9 /* JQDiscoverController.m in Sources */,
				7700109E1DD6CD79004281C9 /* JQMainTabBar.m in Sources */,
				770010C81DD7075C004281C9 /* NSArray+Log.m in Sources */,
				77222D501DD405D700B29165 /* main.m in Sources */,
				7700108C1DD6C91F004281C9 /* JQMainTabController.m in Sources */,
			);
			runOnlyForDeploymentPostprocessing = 0;
		};
/* End PBXSourcesBuildPhase section */

/* Begin PBXVariantGroup section */
		77222D571DD405D700B29165 /* Main.storyboard */ = {
			isa = PBXVariantGroup;
			children = (
				77222D581DD405D700B29165 /* Base */,
			);
			name = Main.storyboard;
			path = ../..;
			sourceTree = "<group>";
		};
		77222D5C1DD405D700B29165 /* LaunchScreen.storyboard */ = {
			isa = PBXVariantGroup;
			children = (
				77222D5D1DD405D700B29165 /* Base */,
			);
			name = LaunchScreen.storyboard;
			sourceTree = "<group>";
		};
/* End PBXVariantGroup section */

/* Begin XCBuildConfiguration section */
		77222D601DD405D700B29165 /* Debug */ = {
			isa = XCBuildConfiguration;
			buildSettings = {
				ALWAYS_SEARCH_USER_PATHS = NO;
				CLANG_ANALYZER_NONNULL = YES;
				CLANG_CXX_LANGUAGE_STANDARD = "gnu++0x";
				CLANG_CXX_LIBRARY = "libc++";
				CLANG_ENABLE_MODULES = YES;
				CLANG_ENABLE_OBJC_ARC = YES;
				CLANG_WARN_BOOL_CONVERSION = YES;
				CLANG_WARN_CONSTANT_CONVERSION = YES;
				CLANG_WARN_DIRECT_OBJC_ISA_USAGE = YES_ERROR;
				CLANG_WARN_DOCUMENTATION_COMMENTS = YES;
				CLANG_WARN_EMPTY_BODY = YES;
				CLANG_WARN_ENUM_CONVERSION = YES;
				CLANG_WARN_INFINITE_RECURSION = YES;
				CLANG_WARN_INT_CONVERSION = YES;
				CLANG_WARN_OBJC_ROOT_CLASS = YES_ERROR;
				CLANG_WARN_SUSPICIOUS_MOVES = YES;
				CLANG_WARN_UNREACHABLE_CODE = YES;
				CLANG_WARN__DUPLICATE_METHOD_MATCH = YES;
				"CODE_SIGN_IDENTITY[sdk=iphoneos*]" = "iPhone Developer";
				COPY_PHASE_STRIP = NO;
				DEBUG_INFORMATION_FORMAT = dwarf;
				ENABLE_STRICT_OBJC_MSGSEND = YES;
				ENABLE_TESTABILITY = YES;
				GCC_C_LANGUAGE_STANDARD = gnu99;
				GCC_DYNAMIC_NO_PIC = NO;
				GCC_NO_COMMON_BLOCKS = YES;
				GCC_OPTIMIZATION_LEVEL = 0;
				GCC_PREPROCESSOR_DEFINITIONS = (
					"DEBUG=1",
					"$(inherited)",
				);
				GCC_WARN_64_TO_32_BIT_CONVERSION = YES;
				GCC_WARN_ABOUT_RETURN_TYPE = YES_ERROR;
				GCC_WARN_UNDECLARED_SELECTOR = YES;
				GCC_WARN_UNINITIALIZED_AUTOS = YES_AGGRESSIVE;
				GCC_WARN_UNUSED_FUNCTION = YES;
				GCC_WARN_UNUSED_VARIABLE = YES;
				IPHONEOS_DEPLOYMENT_TARGET = 10.1;
				MTL_ENABLE_DEBUG_INFO = YES;
				ONLY_ACTIVE_ARCH = YES;
				SDKROOT = iphoneos;
			};
			name = Debug;
		};
		77222D611DD405D700B29165 /* Release */ = {
			isa = XCBuildConfiguration;
			buildSettings = {
				ALWAYS_SEARCH_USER_PATHS = NO;
				CLANG_ANALYZER_NONNULL = YES;
				CLANG_CXX_LANGUAGE_STANDARD = "gnu++0x";
				CLANG_CXX_LIBRARY = "libc++";
				CLANG_ENABLE_MODULES = YES;
				CLANG_ENABLE_OBJC_ARC = YES;
				CLANG_WARN_BOOL_CONVERSION = YES;
				CLANG_WARN_CONSTANT_CONVERSION = YES;
				CLANG_WARN_DIRECT_OBJC_ISA_USAGE = YES_ERROR;
				CLANG_WARN_DOCUMENTATION_COMMENTS = YES;
				CLANG_WARN_EMPTY_BODY = YES;
				CLANG_WARN_ENUM_CONVERSION = YES;
				CLANG_WARN_INFINITE_RECURSION = YES;
				CLANG_WARN_INT_CONVERSION = YES;
				CLANG_WARN_OBJC_ROOT_CLASS = YES_ERROR;
				CLANG_WARN_SUSPICIOUS_MOVES = YES;
				CLANG_WARN_UNREACHABLE_CODE = YES;
				CLANG_WARN__DUPLICATE_METHOD_MATCH = YES;
				"CODE_SIGN_IDENTITY[sdk=iphoneos*]" = "iPhone Developer";
				COPY_PHASE_STRIP = NO;
				DEBUG_INFORMATION_FORMAT = "dwarf-with-dsym";
				ENABLE_NS_ASSERTIONS = NO;
				ENABLE_STRICT_OBJC_MSGSEND = YES;
				GCC_C_LANGUAGE_STANDARD = gnu99;
				GCC_NO_COMMON_BLOCKS = YES;
				GCC_WARN_64_TO_32_BIT_CONVERSION = YES;
				GCC_WARN_ABOUT_RETURN_TYPE = YES_ERROR;
				GCC_WARN_UNDECLARED_SELECTOR = YES;
				GCC_WARN_UNINITIALIZED_AUTOS = YES_AGGRESSIVE;
				GCC_WARN_UNUSED_FUNCTION = YES;
				GCC_WARN_UNUSED_VARIABLE = YES;
				IPHONEOS_DEPLOYMENT_TARGET = 10.1;
				MTL_ENABLE_DEBUG_INFO = NO;
				SDKROOT = iphoneos;
				VALIDATE_PRODUCT = YES;
			};
			name = Release;
		};
		77222D631DD405D700B29165 /* Debug */ = {
			isa = XCBuildConfiguration;
			baseConfigurationReference = 6BB1D87C9AB7D663D2FA50AC /* Pods-SinaOCPractice.debug.xcconfig */;
			buildSettings = {
				ASSETCATALOG_COMPILER_APPICON_NAME = AppIcon;
				ASSETCATALOG_COMPILER_LAUNCHIMAGE_NAME = LaunchImage;
				GCC_PREFIX_HEADER = SinaOCPractice/SinaOCPractice_PrefixHeader.h;
				INFOPLIST_FILE = SinaOCPractice/Info.plist;
				IPHONEOS_DEPLOYMENT_TARGET = 8.0;
				LD_RUNPATH_SEARCH_PATHS = "$(inherited) @executable_path/Frameworks";
				PRODUCT_BUNDLE_IDENTIFIER = iOS.SinaOCPractice;
				PRODUCT_NAME = "$(TARGET_NAME)";
			};
			name = Debug;
		};
		77222D641DD405D700B29165 /* Release */ = {
			isa = XCBuildConfiguration;
			baseConfigurationReference = DB5C9DF6BD9FC1F3E44593B0 /* Pods-SinaOCPractice.release.xcconfig */;
			buildSettings = {
				ASSETCATALOG_COMPILER_APPICON_NAME = AppIcon;
				ASSETCATALOG_COMPILER_LAUNCHIMAGE_NAME = LaunchImage;
				GCC_PREFIX_HEADER = SinaOCPractice/SinaOCPractice_PrefixHeader.h;
				INFOPLIST_FILE = SinaOCPractice/Info.plist;
				IPHONEOS_DEPLOYMENT_TARGET = 8.0;
				LD_RUNPATH_SEARCH_PATHS = "$(inherited) @executable_path/Frameworks";
				PRODUCT_BUNDLE_IDENTIFIER = iOS.SinaOCPractice;
				PRODUCT_NAME = "$(TARGET_NAME)";
			};
			name = Release;
		};
/* End XCBuildConfiguration section */

/* Begin XCConfigurationList section */
		77222D461DD405D600B29165 /* Build configuration list for PBXProject "SinaOCPractice" */ = {
			isa = XCConfigurationList;
			buildConfigurations = (
				77222D601DD405D700B29165 /* Debug */,
				77222D611DD405D700B29165 /* Release */,
			);
			defaultConfigurationIsVisible = 0;
			defaultConfigurationName = Release;
		};
		77222D621DD405D700B29165 /* Build configuration list for PBXNativeTarget "SinaOCPractice" */ = {
			isa = XCConfigurationList;
			buildConfigurations = (
				77222D631DD405D700B29165 /* Debug */,
				77222D641DD405D700B29165 /* Release */,
			);
			defaultConfigurationIsVisible = 0;
			defaultConfigurationName = Release;
		};
/* End XCConfigurationList section */
	};
	rootObject = 77222D431DD405D600B29165 /* Project object */;
}
